// !$*UTF8*$!
{
	archiveVersion = 1;
	classes = {
	};
	objectVersion = 46;
	objects = {

/* Begin PBXBuildFile section */
		688CCCE61EC2D0FA005A666D /* main.cpp in Sources */ = {isa = PBXBuildFile; fileRef = 688CCCE51EC2D0FA005A666D /* main.cpp */; };
		688CCCED1EC2D294005A666D /* myo.framework in Frameworks */ = {isa = PBXBuildFile; fileRef = 688CCCEC1EC2D294005A666D /* myo.framework */; };
		688CCCEF1EC2D311005A666D /* myo.framework in CopyFiles */ = {isa = PBXBuildFile; fileRef = 688CCCEC1EC2D294005A666D /* myo.framework */; };
/* End PBXBuildFile section */

/* Begin PBXCopyFilesBuildPhase section */
		688CCCE01EC2D0FA005A666D /* CopyFiles */ = {
			isa = PBXCopyFilesBuildPhase;
			buildActionMask = 12;
			dstPath = "";
			dstSubfolderSpec = 16;
			files = (
				688CCCEF1EC2D311005A666D /* myo.framework in CopyFiles */,
			);
			runOnlyForDeploymentPostprocessing = 0;
		};
/* End PBXCopyFilesBuildPhase section */

/* Begin PBXFileReference section */
		688CCCE21EC2D0FA005A666D /* myo-emg */ = {isa = PBXFileReference; explicitFileType = "compiled.mach-o.executable"; includeInIndex = 0; path = "myo-emg"; sourceTree = BUILT_PRODUCTS_DIR; };
		688CCCE51EC2D0FA005A666D /* main.cpp */ = {isa = PBXFileReference; lastKnownFileType = sourcecode.cpp.cpp; path = main.cpp; sourceTree = "<group>"; };
		688CCCEC1EC2D294005A666D /* myo.framework */ = {isa = PBXFileReference; lastKnownFileType = wrapper.framework; name = myo.framework; path = Freamework/myo.framework; sourceTree = "<group>"; };
/* End PBXFileReference section */

/* Begin PBXFrameworksBuildPhase section */
		688CCCDF1EC2D0FA005A666D /* Frameworks */ = {
			isa = PBXFrameworksBuildPhase;
			buildActionMask = 2147483647;
			files = (
				688CCCED1EC2D294005A666D /* myo.framework in Frameworks */,
			);
			runOnlyForDeploymentPostprocessing = 0;
		};
/* End PBXFrameworksBuildPhase section */

/* Begin PBXGroup section */
		688CCCD91EC2D0FA005A666D = {
			isa = PBXGroup;
			children = (
				688CCCEE1EC2D2FC005A666D /* Framework */,
				688CCCE41EC2D0FA005A666D /* myo-emg */,
				688CCCE31EC2D0FA005A666D /* Products */,
			);
			sourceTree = "<group>";
		};
		688CCCE31EC2D0FA005A666D /* Products */ = {
			isa = PBXGroup;
			children = (
				688CCCE21EC2D0FA005A666D /* myo-emg */,
			);
			name = Products;
			sourceTree = "<group>";
		};
		688CCCE41EC2D0FA005A666D /* myo-emg */ = {
			isa = PBXGroup;
			children = (
				688CCCE51EC2D0FA005A666D /* main.cpp */,
			);
			path = "myo-emg";
			sourceTree = "<group>";
		};
		688CCCEE1EC2D2FC005A666D /* Framework */ = {
			isa = PBXGroup;
			children = (
				688CCCEC1EC2D294005A666D /* myo.framework */,
			);
			name = Framework;
			sourceTree = "<group>";
		};
/* End PBXGroup section */

/* Begin PBXNativeTarget section */
		688CCCE11EC2D0FA005A666D /* myo-emg */ = {
			isa = PBXNativeTarget;
			buildConfigurationList = 688CCCE91EC2D0FA005A666D /* Build configuration list for PBXNativeTarget "myo-emg" */;
			buildPhases = (
				688CCCDE1EC2D0FA005A666D /* Sources */,
				688CCCDF1EC2D0FA005A666D /* Frameworks */,
				688CCCE01EC2D0FA005A666D /* CopyFiles */,
			);
			buildRules = (
			);
			dependencies = (
			);
			name = "myo-emg";
			productName = "myo-emg";
			productReference = 688CCCE21EC2D0FA005A666D /* myo-emg */;
			productType = "com.apple.product-type.tool";
		};
/* End PBXNativeTarget section */

/* Begin PBXProject section */
		688CCCDA1EC2D0FA005A666D /* Project object */ = {
			isa = PBXProject;
			attributes = {
				LastUpgradeCheck = 0620;
				ORGANIZATIONNAME = "幸田尚也";
				TargetAttributes = {
					688CCCE11EC2D0FA005A666D = {
						CreatedOnToolsVersion = 6.2;
					};
				};
			};
			buildConfigurationList = 688CCCDD1EC2D0FA005A666D /* Build configuration list for PBXProject "myo-emg" */;
			compatibilityVersion = "Xcode 3.2";
			developmentRegion = English;
			hasScannedForEncodings = 0;
			knownRegions = (
				en,
			);
			mainGroup = 688CCCD91EC2D0FA005A666D;
			productRefGroup = 688CCCE31EC2D0FA005A666D /* Products */;
			projectDirPath = "";
			projectRoot = "";
			targets = (
				688CCCE11EC2D0FA005A666D /* myo-emg */,
			);
		};
/* End PBXProject section */

/* Begin PBXSourcesBuildPhase section */
		688CCCDE1EC2D0FA005A666D /* Sources */ = {
			isa = PBXSourcesBuildPhase;
			buildActionMask = 2147483647;
			files = (
				688CCCE61EC2D0FA005A666D /* main.cpp in Sources */,
			);
			runOnlyForDeploymentPostprocessing = 0;
		};
/* End PBXSourcesBuildPhase section */

/* Begin XCBuildConfiguration section */
		688CCCE71EC2D0FA005A666D /* Debug */ = {
			isa = XCBuildConfiguration;
			buildSettings = {
				ALWAYS_SEARCH_USER_PATHS = NO;
				CLANG_CXX_LANGUAGE_STANDARD = "gnu++0x";
				CLANG_CXX_LIBRARY = "libc++";
				CLANG_ENABLE_MODULES = YES;
				CLANG_ENABLE_OBJC_ARC = YES;
				CLANG_WARN_BOOL_CONVERSION = YES;
				CLANG_WARN_CONSTANT_CONVERSION = YES;
				CLANG_WARN_DIRECT_OBJC_ISA_USAGE = YES_ERROR;
				CLANG_WARN_EMPTY_BODY = YES;
				CLANG_WARN_ENUM_CONVERSION = YES;
				CLANG_WARN_INT_CONVERSION = YES;
				CLANG_WARN_OBJC_ROOT_CLASS = YES_ERROR;
				CLANG_WARN_UNREACHABLE_CODE = YES;
				CLANG_WARN__DUPLICATE_METHOD_MATCH = YES;
				COPY_PHASE_STRIP = NO;
				ENABLE_STRICT_OBJC_MSGSEND = YES;
				GCC_C_LANGUAGE_STANDARD = gnu99;
				GCC_DYNAMIC_NO_PIC = NO;
				GCC_OPTIMIZATION_LEVEL = 0;
				GCC_PREPROCESSOR_DEFINITIONS = (
					"DEBUG=1",
					"$(inherited)",
				);
				GCC_SYMBOLS_PRIVATE_EXTERN = NO;
				GCC_WARN_64_TO_32_BIT_CONVERSION = YES;
				GCC_WARN_ABOUT_RETURN_TYPE = YES_ERROR;
				GCC_WARN_UNDECLARED_SELECTOR = YES;
				GCC_WARN_UNINITIALIZED_AUTOS = YES_AGGRESSIVE;
				GCC_WARN_UNUSED_FUNCTION = YES;
				GCC_WARN_UNUSED_VARIABLE = YES;
				MACOSX_DEPLOYMENT_TARGET = 10.10;
				MTL_ENABLE_DEBUG_INFO = YES;
				ONLY_ACTIVE_ARCH = YES;
				SDKROOT = macosx;
			};
			name = Debug;
		};
		688CCCE81EC2D0FA005A666D /* Release */ = {
			isa = XCBuildConfiguration;
			buildSettings = {
				ALWAYS_SEARCH_USER_PATHS = NO;
				CLANG_CXX_LANGUAGE_STANDARD = "gnu++0x";
				CLANG_CXX_LIBRARY = "libc++";
				CLANG_ENABLE_MODULES = YES;
				CLANG_ENABLE_OBJC_ARC = YES;
				CLANG_WARN_BOOL_CONVERSION = YES;
				CLANG_WARN_CONSTANT_CONVERSION = YES;
				CLANG_WARN_DIRECT_OBJC_ISA_USAGE = YES_ERROR;
				CLANG_WARN_EMPTY_BODY = YES;
				CLANG_WARN_ENUM_CONVERSION = YES;
				CLANG_WARN_INT_CONVERSION = YES;
				CLANG_WARN_OBJC_ROOT_CLASS = YES_ERROR;
				CLANG_WARN_UNREACHABLE_CODE = YES;
				CLANG_WARN__DUPLICATE_METHOD_MATCH = YES;
				COPY_PHASE_STRIP = NO;
				DEBUG_INFORMATION_FORMAT = "dwarf-with-dsym";
				ENABLE_NS_ASSERTIONS = NO;
				ENABLE_STRICT_OBJC_MSGSEND = YES;
				GCC_C_LANGUAGE_STANDARD = gnu99;
				GCC_WARN_64_TO_32_BIT_CONVERSION = YES;
				GCC_WARN_ABOUT_RETURN_TYPE = YES_ERROR;
				GCC_WARN_UNDECLARED_SELECTOR = YES;
				GCC_WARN_UNINITIALIZED_AUTOS = YES_AGGRESSIVE;
				GCC_WARN_UNUSED_FUNCTION = YES;
				GCC_WARN_UNUSED_VARIABLE = YES;
				MACOSX_DEPLOYMENT_TARGET = 10.10;
				MTL_ENABLE_DEBUG_INFO = NO;
				SDKROOT = macosx;
			};
			name = Release;
		};
		688CCCEA1EC2D0FA005A666D /* Debug */ = {
			isa = XCBuildConfiguration;
			buildSettings = {
				FRAMEWORK_SEARCH_PATHS = (
					"$(inherited)",
					"$(PROJECT_DIR)/Freamework",
				);
				INSTALL_PATH = "@rpath";
				LD_RUNPATH_SEARCH_PATHS = "@loader_path/../Frameworks/";
				PRODUCT_NAME = "$(TARGET_NAME)";
			};
			name = Debug;
		};
		688CCCEB1EC2D0FA005A666D /* Release */ = {
			isa = XCBuildConfiguration;
			buildSettings = {
				FRAMEWORK_SEARCH_PATHS = (
					"$(inherited)",
					"$(PROJECT_DIR)/Freamework",
				);
				INSTALL_PATH = "@rpath";
				LD_RUNPATH_SEARCH_PATHS = "@loader_path/../Frameworks/";
				PRODUCT_NAME = "$(TARGET_NAME)";
			};
			name = Release;
		};
/* End XCBuildConfiguration section */

/* Begin XCConfigurationList section */
		688CCCDD1EC2D0FA005A666D /* Build configuration list for PBXProject "myo-emg" */ = {
			isa = XCConfigurationList;
			buildConfigurations = (
				688CCCE71EC2D0FA005A666D /* Debug */,
				688CCCE81EC2D0FA005A666D /* Release */,
			);
			defaultConfigurationIsVisible = 0;
			defaultConfigurationName = Release;
		};
		688CCCE91EC2D0FA005A666D /* Build configuration list for PBXNativeTarget "myo-emg" */ = {
			isa = XCConfigurationList;
			buildConfigurations = (
				688CCCEA1EC2D0FA005A666D /* Debug */,
				688CCCEB1EC2D0FA005A666D /* Release */,
			);
			defaultConfigurationIsVisible = 0;
		};
/* End XCConfigurationList section */
	};
	rootObject = 688CCCDA1EC2D0FA005A666D /* Project object */;
}
